
Microsoft Visual Studio Solution File, Format Version 12.00
# Visual Studio Version 17
VisualStudioVersion = 17.7.34031.279
MinimumVisualStudioVersion = 10.0.40219.1
Project("{FAE04EC0-301F-11D3-BF4B-00C04F79EFBC}") = "GameZone", "GameZone\GameZone.csproj", "{A1D8EB64-C1E3-4AE7-A444-D6AB4D8E4EFF}"
EndProject
Global
	GlobalSection(SolutionConfigurationPlatforms) = preSolution
		Debug|Any CPU = Debug|Any CPU
		Release|Any CPU = Release|Any CPU
	EndGlobalSection
	GlobalSection(ProjectConfigurationPlatforms) = postSolution
		{A1D8EB64-C1E3-4AE7-A444-D6AB4D8E4EFF}.Debug|Any CPU.ActiveCfg = Debug|Any CPU
		{A1D8EB64-C1E3-4AE7-A444-D6AB4D8E4EFF}.Debug|Any CPU.Build.0 = Debug|Any CPU
		{A1D8EB64-C1E3-4AE7-A444-D6AB4D8E4EFF}.Release|Any CPU.ActiveCfg = Release|Any CPU
		{A1D8EB64-C1E3-4AE7-A444-D6AB4D8E4EFF}.Release|Any CPU.Build.0 = Release|Any CPU
	EndGlobalSection
	GlobalSection(SolutionProperties) = preSolution
		HideSolutionNode = FALSE
	EndGlobalSection
	GlobalSection(ExtensibilityGlobals) = postSolution
		SolutionGuid = {E5F8DD6F-FE13-4A91-AC82-4FBC25B48063}
	EndGlobalSection
EndGlobal
